
Microsoft Visual Studio Solution File, Format Version 12.00
# Visual Studio Version 17
VisualStudioVersion = 17.14.36327.8 d17.14
MinimumVisualStudioVersion = 10.0.40219.1
Project("{FAE04EC0-301F-11D3-BF4B-00C04F79EFBC}") = "SupplyManagements", "SupplyManagements\SupplyManagements.csproj", "{C8F9CA59-FE98-4590-9745-5D35B53CCCF3}"
EndProject
Global
	GlobalSection(SolutionConfigurationPlatforms) = preSolution
		Debug|Any CPU = Debug|Any CPU
		Release|Any CPU = Release|Any CPU
	EndGlobalSection
	GlobalSection(ProjectConfigurationPlatforms) = postSolution
		{C8F9CA59-FE98-4590-9745-5D35B53CCCF3}.Debug|Any CPU.ActiveCfg = Debug|Any CPU
		{C8F9CA59-FE98-4590-9745-5D35B53CCCF3}.Debug|Any CPU.Build.0 = Debug|Any CPU
		{C8F9CA59-FE98-4590-9745-5D35B53CCCF3}.Release|Any CPU.ActiveCfg = Release|Any CPU
		{C8F9CA59-FE98-4590-9745-5D35B53CCCF3}.Release|Any CPU.Build.0 = Release|Any CPU
	EndGlobalSection
	GlobalSection(SolutionProperties) = preSolution
		HideSolutionNode = FALSE
	EndGlobalSection
	GlobalSection(ExtensibilityGlobals) = postSolution
		SolutionGuid = {B532E04D-D2AC-4AB1-B2B7-81BB140568EE}
	EndGlobalSection
EndGlobal
